// !$*UTF8*$!
{
	archiveVersion = 1;
	classes = {
	};
	objectVersion = 50;
	objects = {

/* Begin PBXBuildFile section */
		FDB508C0265C8C4000704C3E /* DaysBetweenApp.swift in Sources */ = {isa = PBXBuildFile; fileRef = FDB508BF265C8C4000704C3E /* DaysBetweenApp.swift */; };
		FDB508C2265C8C4000704C3E /* ContentView.swift in Sources */ = {isa = PBXBuildFile; fileRef = FDB508C1265C8C4000704C3E /* ContentView.swift */; };
		FDB508C4265C8C4100704C3E /* Assets.xcassets in Resources */ = {isa = PBXBuildFile; fileRef = FDB508C3265C8C4100704C3E /* Assets.xcassets */; };
		FDB508C7265C8C4100704C3E /* Preview Assets.xcassets in Resources */ = {isa = PBXBuildFile; fileRef = FDB508C6265C8C4100704C3E /* Preview Assets.xcassets */; };
		FDB508D2265C8C4100704C3E /* DaysBetweenTests.swift in Sources */ = {isa = PBXBuildFile; fileRef = FDB508D1265C8C4100704C3E /* DaysBetweenTests.swift */; };
		FDB508DD265C8C4100704C3E /* DaysBetweenUITests.swift in Sources */ = {isa = PBXBuildFile; fileRef = FDB508DC265C8C4100704C3E /* DaysBetweenUITests.swift */; };
		FDB508EE265C8D3D00704C3E /* Months.swift in Sources */ = {isa = PBXBuildFile; fileRef = FDB508ED265C8D3D00704C3E /* Months.swift */; };
		FDB508F0265C901500704C3E /* MonthPicker.swift in Sources */ = {isa = PBXBuildFile; fileRef = FDB508EF265C901500704C3E /* MonthPicker.swift */; };
/* End PBXBuildFile section */

/* Begin PBXContainerItemProxy section */
		FDB508CE265C8C4100704C3E /* PBXContainerItemProxy */ = {
			isa = PBXContainerItemProxy;
			containerPortal = FDB508B4265C8C4000704C3E /* Project object */;
			proxyType = 1;
			remoteGlobalIDString = FDB508BB265C8C4000704C3E;
			remoteInfo = DaysBetween;
		};
		FDB508D9265C8C4100704C3E /* PBXContainerItemProxy */ = {
			isa = PBXContainerItemProxy;
			containerPortal = FDB508B4265C8C4000704C3E /* Project object */;
			proxyType = 1;
			remoteGlobalIDString = FDB508BB265C8C4000704C3E;
			remoteInfo = DaysBetween;
		};
/* End PBXContainerItemProxy section */

/* Begin PBXFileReference section */
		FDB508BC265C8C4000704C3E /* DaysBetween.app */ = {isa = PBXFileReference; explicitFileType = wrapper.application; includeInIndex = 0; path = DaysBetween.app; sourceTree = BUILT_PRODUCTS_DIR; };
		FDB508BF265C8C4000704C3E /* DaysBetweenApp.swift */ = {isa = PBXFileReference; lastKnownFileType = sourcecode.swift; path = DaysBetweenApp.swift; sourceTree = "<group>"; };
		FDB508C1265C8C4000704C3E /* ContentView.swift */ = {isa = PBXFileReference; lastKnownFileType = sourcecode.swift; path = ContentView.swift; sourceTree = "<group>"; };
		FDB508C3265C8C4100704C3E /* Assets.xcassets */ = {isa = PBXFileReference; lastKnownFileType = folder.assetcatalog; path = Assets.xcassets; sourceTree = "<group>"; };
		FDB508C6265C8C4100704C3E /* Preview Assets.xcassets */ = {isa = PBXFileReference; lastKnownFileType = folder.assetcatalog; path = "Preview Assets.xcassets"; sourceTree = "<group>"; };
		FDB508C8265C8C4100704C3E /* Info.plist */ = {isa = PBXFileReference; lastKnownFileType = text.plist.xml; path = Info.plist; sourceTree = "<group>"; };
		FDB508CD265C8C4100704C3E /* DaysBetweenTests.xctest */ = {isa = PBXFileReference; explicitFileType = wrapper.cfbundle; includeInIndex = 0; path = DaysBetweenTests.xctest; sourceTree = BUILT_PRODUCTS_DIR; };
		FDB508D1265C8C4100704C3E /* DaysBetweenTests.swift */ = {isa = PBXFileReference; lastKnownFileType = sourcecode.swift; path = DaysBetweenTests.swift; sourceTree = "<group>"; };
		FDB508D3265C8C4100704C3E /* Info.plist */ = {isa = PBXFileReference; lastKnownFileType = text.plist.xml; path = Info.plist; sourceTree = "<group>"; };
		FDB508D8265C8C4100704C3E /* DaysBetweenUITests.xctest */ = {isa = PBXFileReference; explicitFileType = wrapper.cfbundle; includeInIndex = 0; path = DaysBetweenUITests.xctest; sourceTree = BUILT_PRODUCTS_DIR; };
		FDB508DC265C8C4100704C3E /* DaysBetweenUITests.swift */ = {isa = PBXFileReference; lastKnownFileType = sourcecode.swift; path = DaysBetweenUITests.swift; sourceTree = "<group>"; };
		FDB508DE265C8C4100704C3E /* Info.plist */ = {isa = PBXFileReference; lastKnownFileType = text.plist.xml; path = Info.plist; sourceTree = "<group>"; };
		FDB508ED265C8D3D00704C3E /* Months.swift */ = {isa = PBXFileReference; lastKnownFileType = sourcecode.swift; path = Months.swift; sourceTree = "<group>"; };
		FDB508EF265C901500704C3E /* MonthPicker.swift */ = {isa = PBXFileReference; lastKnownFileType = sourcecode.swift; path = MonthPicker.swift; sourceTree = "<group>"; };
/* End PBXFileReference section */

/* Begin PBXFrameworksBuildPhase section */
		FDB508B9265C8C4000704C3E /* Frameworks */ = {
			isa = PBXFrameworksBuildPhase;
			buildActionMask = 2147483647;
			files = (
			);
			runOnlyForDeploymentPostprocessing = 0;
		};
		FDB508CA265C8C4100704C3E /* Frameworks */ = {
			isa = PBXFrameworksBuildPhase;
			buildActionMask = 2147483647;
			files = (
			);
			runOnlyForDeploymentPostprocessing = 0;
		};
		FDB508D5265C8C4100704C3E /* Frameworks */ = {
			isa = PBXFrameworksBuildPhase;
			buildActionMask = 2147483647;
			files = (
			);
			runOnlyForDeploymentPostprocessing = 0;
		};
/* End PBXFrameworksBuildPhase section */

/* Begin PBXGroup section */
		FDB508B3265C8C4000704C3E = {
			isa = PBXGroup;
			children = (
				FDB508BE265C8C4000704C3E /* DaysBetween */,
				FDB508D0265C8C4100704C3E /* DaysBetweenTests */,
				FDB508DB265C8C4100704C3E /* DaysBetweenUITests */,
				FDB508BD265C8C4000704C3E /* Products */,
			);
			sourceTree = "<group>";
		};
		FDB508BD265C8C4000704C3E /* Products */ = {
			isa = PBXGroup;
			children = (
				FDB508BC265C8C4000704C3E /* DaysBetween.app */,
				FDB508CD265C8C4100704C3E /* DaysBetweenTests.xctest */,
				FDB508D8265C8C4100704C3E /* DaysBetweenUITests.xctest */,
			);
			name = Products;
			sourceTree = "<group>";
		};
		FDB508BE265C8C4000704C3E /* DaysBetween */ = {
			isa = PBXGroup;
			children = (
				FDB508EC265C8D1200704C3E /* Data */,
				FDB508EB265C8D0300704C3E /* App */,
				FDB508EA265C8CF700704C3E /* Views */,
				FDB508BF265C8C4000704C3E /* DaysBetweenApp.swift */,
				FDB508C1265C8C4000704C3E /* ContentView.swift */,
				FDB508C3265C8C4100704C3E /* Assets.xcassets */,
				FDB508C8265C8C4100704C3E /* Info.plist */,
				FDB508C5265C8C4100704C3E /* Preview Content */,
			);
			path = DaysBetween;
			sourceTree = "<group>";
		};
		FDB508C5265C8C4100704C3E /* Preview Content */ = {
			isa = PBXGroup;
			children = (
				FDB508C6265C8C4100704C3E /* Preview Assets.xcassets */,
			);
			path = "Preview Content";
			sourceTree = "<group>";
		};
		FDB508D0265C8C4100704C3E /* DaysBetweenTests */ = {
			isa = PBXGroup;
			children = (
				FDB508D1265C8C4100704C3E /* DaysBetweenTests.swift */,
				FDB508D3265C8C4100704C3E /* Info.plist */,
			);
			path = DaysBetweenTests;
			sourceTree = "<group>";
		};
		FDB508DB265C8C4100704C3E /* DaysBetweenUITests */ = {
			isa = PBXGroup;
			children = (
				FDB508DC265C8C4100704C3E /* DaysBetweenUITests.swift */,
				FDB508DE265C8C4100704C3E /* Info.plist */,
			);
			path = DaysBetweenUITests;
			sourceTree = "<group>";
		};
		FDB508EA265C8CF700704C3E /* Views */ = {
			isa = PBXGroup;
			children = (
				FDB508EF265C901500704C3E /* MonthPicker.swift */,
			);
			path = Views;
			sourceTree = "<group>";
		};
		FDB508EB265C8D0300704C3E /* App */ = {
			isa = PBXGroup;
			children = (
			);
			path = App;
			sourceTree = "<group>";
		};
		FDB508EC265C8D1200704C3E /* Data */ = {
			isa = PBXGroup;
			children = (
				FDB508ED265C8D3D00704C3E /* Months.swift */,
			);
			path = Data;
			sourceTree = "<group>";
		};
/* End PBXGroup section */

/* Begin PBXNativeTarget section */
		FDB508BB265C8C4000704C3E /* DaysBetween */ = {
			isa = PBXNativeTarget;
			buildConfigurationList = FDB508E1265C8C4100704C3E /* Build configuration list for PBXNativeTarget "DaysBetween" */;
			buildPhases = (
				FDB508B8265C8C4000704C3E /* Sources */,
				FDB508B9265C8C4000704C3E /* Frameworks */,
				FDB508BA265C8C4000704C3E /* Resources */,
			);
			buildRules = (
			);
			dependencies = (
			);
			name = DaysBetween;
			productName = DaysBetween;
			productReference = FDB508BC265C8C4000704C3E /* DaysBetween.app */;
			productType = "com.apple.product-type.application";
		};
		FDB508CC265C8C4100704C3E /* DaysBetweenTests */ = {
			isa = PBXNativeTarget;
			buildConfigurationList = FDB508E4265C8C4100704C3E /* Build configuration list for PBXNativeTarget "DaysBetweenTests" */;
			buildPhases = (
				FDB508C9265C8C4100704C3E /* Sources */,
				FDB508CA265C8C4100704C3E /* Frameworks */,
				FDB508CB265C8C4100704C3E /* Resources */,
			);
			buildRules = (
			);
			dependencies = (
				FDB508CF265C8C4100704C3E /* PBXTargetDependency */,
			);
			name = DaysBetweenTests;
			productName = DaysBetweenTests;
			productReference = FDB508CD265C8C4100704C3E /* DaysBetweenTests.xctest */;
			productType = "com.apple.product-type.bundle.unit-test";
		};
		FDB508D7265C8C4100704C3E /* DaysBetweenUITests */ = {
			isa = PBXNativeTarget;
			buildConfigurationList = FDB508E7265C8C4100704C3E /* Build configuration list for PBXNativeTarget "DaysBetweenUITests" */;
			buildPhases = (
				FDB508D4265C8C4100704C3E /* Sources */,
				FDB508D5265C8C4100704C3E /* Frameworks */,
				FDB508D6265C8C4100704C3E /* Resources */,
			);
			buildRules = (
			);
			dependencies = (
				FDB508DA265C8C4100704C3E /* PBXTargetDependency */,
			);
			name = DaysBetweenUITests;
			productName = DaysBetweenUITests;
			productReference = FDB508D8265C8C4100704C3E /* DaysBetweenUITests.xctest */;
			productType = "com.apple.product-type.bundle.ui-testing";
		};
/* End PBXNativeTarget section */

/* Begin PBXProject section */
		FDB508B4265C8C4000704C3E /* Project object */ = {
			isa = PBXProject;
			attributes = {
				LastSwiftUpdateCheck = 1250;
				LastUpgradeCheck = 1250;
				TargetAttributes = {
					FDB508BB265C8C4000704C3E = {
						CreatedOnToolsVersion = 12.5;
					};
					FDB508CC265C8C4100704C3E = {
						CreatedOnToolsVersion = 12.5;
						TestTargetID = FDB508BB265C8C4000704C3E;
					};
					FDB508D7265C8C4100704C3E = {
						CreatedOnToolsVersion = 12.5;
						TestTargetID = FDB508BB265C8C4000704C3E;
					};
				};
			};
			buildConfigurationList = FDB508B7265C8C4000704C3E /* Build configuration list for PBXProject "DaysBetween" */;
			compatibilityVersion = "Xcode 9.3";
			developmentRegion = en;
			hasScannedForEncodings = 0;
			knownRegions = (
				en,
				Base,
			);
			mainGroup = FDB508B3265C8C4000704C3E;
			productRefGroup = FDB508BD265C8C4000704C3E /* Products */;
			projectDirPath = "";
			projectRoot = "";
			targets = (
				FDB508BB265C8C4000704C3E /* DaysBetween */,
				FDB508CC265C8C4100704C3E /* DaysBetweenTests */,
				FDB508D7265C8C4100704C3E /* DaysBetweenUITests */,
			);
		};
/* End PBXProject section */

/* Begin PBXResourcesBuildPhase section */
		FDB508BA265C8C4000704C3E /* Resources */ = {
			isa = PBXResourcesBuildPhase;
			buildActionMask = 2147483647;
			files = (
				FDB508C7265C8C4100704C3E /* Preview Assets.xcassets in Resources */,
				FDB508C4265C8C4100704C3E /* Assets.xcassets in Resources */,
			);
			runOnlyForDeploymentPostprocessing = 0;
		};
		FDB508CB265C8C4100704C3E /* Resources */ = {
			isa = PBXResourcesBuildPhase;
			buildActionMask = 2147483647;
			files = (
			);
			runOnlyForDeploymentPostprocessing = 0;
		};
		FDB508D6265C8C4100704C3E /* Resources */ = {
			isa = PBXResourcesBuildPhase;
			buildActionMask = 2147483647;
			files = (
			);
			runOnlyForDeploymentPostprocessing = 0;
		};
/* End PBXResourcesBuildPhase section */

/* Begin PBXSourcesBuildPhase section */
		FDB508B8265C8C4000704C3E /* Sources */ = {
			isa = PBXSourcesBuildPhase;
			buildActionMask = 2147483647;
			files = (
				FDB508F0265C901500704C3E /* MonthPicker.swift in Sources */,
				FDB508C2265C8C4000704C3E /* ContentView.swift in Sources */,
				FDB508EE265C8D3D00704C3E /* Months.swift in Sources */,
				FDB508C0265C8C4000704C3E /* DaysBetweenApp.swift in Sources */,
			);
			runOnlyForDeploymentPostprocessing = 0;
		};
		FDB508C9265C8C4100704C3E /* Sources */ = {
			isa = PBXSourcesBuildPhase;
			buildActionMask = 2147483647;
			files = (
				FDB508D2265C8C4100704C3E /* DaysBetweenTests.swift in Sources */,
			);
			runOnlyForDeploymentPostprocessing = 0;
		};
		FDB508D4265C8C4100704C3E /* Sources */ = {
			isa = PBXSourcesBuildPhase;
			buildActionMask = 2147483647;
			files = (
				FDB508DD265C8C4100704C3E /* DaysBetweenUITests.swift in Sources */,
			);
			runOnlyForDeploymentPostprocessing = 0;
		};
/* End PBXSourcesBuildPhase section */

/* Begin PBXTargetDependency section */
		FDB508CF265C8C4100704C3E /* PBXTargetDependency */ = {
			isa = PBXTargetDependency;
			target = FDB508BB265C8C4000704C3E /* DaysBetween */;
			targetProxy = FDB508CE265C8C4100704C3E /* PBXContainerItemProxy */;
		};
		FDB508DA265C8C4100704C3E /* PBXTargetDependency */ = {
			isa = PBXTargetDependency;
			target = FDB508BB265C8C4000704C3E /* DaysBetween */;
			targetProxy = FDB508D9265C8C4100704C3E /* PBXContainerItemProxy */;
		};
/* End PBXTargetDependency section */

/* Begin XCBuildConfiguration section */
		FDB508DF265C8C4100704C3E /* Debug */ = {
			isa = XCBuildConfiguration;
			buildSettings = {
				ALWAYS_SEARCH_USER_PATHS = NO;
				CLANG_ANALYZER_NONNULL = YES;
				CLANG_ANALYZER_NUMBER_OBJECT_CONVERSION = YES_AGGRESSIVE;
				CLANG_CXX_LANGUAGE_STANDARD = "gnu++14";
				CLANG_CXX_LIBRARY = "libc++";
				CLANG_ENABLE_MODULES = YES;
				CLANG_ENABLE_OBJC_ARC = YES;
				CLANG_ENABLE_OBJC_WEAK = YES;
				CLANG_WARN_BLOCK_CAPTURE_AUTORELEASING = YES;
				CLANG_WARN_BOOL_CONVERSION = YES;
				CLANG_WARN_COMMA = YES;
				CLANG_WARN_CONSTANT_CONVERSION = YES;
				CLANG_WARN_DEPRECATED_OBJC_IMPLEMENTATIONS = YES;
				CLANG_WARN_DIRECT_OBJC_ISA_USAGE = YES_ERROR;
				CLANG_WARN_DOCUMENTATION_COMMENTS = YES;
				CLANG_WARN_EMPTY_BODY = YES;
				CLANG_WARN_ENUM_CONVERSION = YES;
				CLANG_WARN_INFINITE_RECURSION = YES;
				CLANG_WARN_INT_CONVERSION = YES;
				CLANG_WARN_NON_LITERAL_NULL_CONVERSION = YES;
				CLANG_WARN_OBJC_IMPLICIT_RETAIN_SELF = YES;
				CLANG_WARN_OBJC_LITERAL_CONVERSION = YES;
				CLANG_WARN_OBJC_ROOT_CLASS = YES_ERROR;
				CLANG_WARN_QUOTED_INCLUDE_IN_FRAMEWORK_HEADER = YES;
				CLANG_WARN_RANGE_LOOP_ANALYSIS = YES;
				CLANG_WARN_STRICT_PROTOTYPES = YES;
				CLANG_WARN_SUSPICIOUS_MOVE = YES;
				CLANG_WARN_UNGUARDED_AVAILABILITY = YES_AGGRESSIVE;
				CLANG_WARN_UNREACHABLE_CODE = YES;
				CLANG_WARN__DUPLICATE_METHOD_MATCH = YES;
				COPY_PHASE_STRIP = NO;
				DEBUG_INFORMATION_FORMAT = dwarf;
				ENABLE_STRICT_OBJC_MSGSEND = YES;
				ENABLE_TESTABILITY = YES;
				GCC_C_LANGUAGE_STANDARD = gnu11;
				GCC_DYNAMIC_NO_PIC = NO;
				GCC_NO_COMMON_BLOCKS = YES;
				GCC_OPTIMIZATION_LEVEL = 0;
				GCC_PREPROCESSOR_DEFINITIONS = (
					"DEBUG=1",
					"$(inherited)",
				);
				GCC_WARN_64_TO_32_BIT_CONVERSION = YES;
				GCC_WARN_ABOUT_RETURN_TYPE = YES_ERROR;
				GCC_WARN_UNDECLARED_SELECTOR = YES;
				GCC_WARN_UNINITIALIZED_AUTOS = YES_AGGRESSIVE;
				GCC_WARN_UNUSED_FUNCTION = YES;
				GCC_WARN_UNUSED_VARIABLE = YES;
				IPHONEOS_DEPLOYMENT_TARGET = 14.5;
				MTL_ENABLE_DEBUG_INFO = INCLUDE_SOURCE;
				MTL_FAST_MATH = YES;
				ONLY_ACTIVE_ARCH = YES;
				SDKROOT = iphoneos;
				SWIFT_ACTIVE_COMPILATION_CONDITIONS = DEBUG;
				SWIFT_OPTIMIZATION_LEVEL = "-Onone";
			};
			name = Debug;
		};
		FDB508E0265C8C4100704C3E /* Release */ = {
			isa = XCBuildConfiguration;
			buildSettings = {
				ALWAYS_SEARCH_USER_PATHS = NO;
				CLANG_ANALYZER_NONNULL = YES;
				CLANG_ANALYZER_NUMBER_OBJECT_CONVERSION = YES_AGGRESSIVE;
				CLANG_CXX_LANGUAGE_STANDARD = "gnu++14";
				CLANG_CXX_LIBRARY = "libc++";
				CLANG_ENABLE_MODULES = YES;
				CLANG_ENABLE_OBJC_ARC = YES;
				CLANG_ENABLE_OBJC_WEAK = YES;
				CLANG_WARN_BLOCK_CAPTURE_AUTORELEASING = YES;
				CLANG_WARN_BOOL_CONVERSION = YES;
				CLANG_WARN_COMMA = YES;
				CLANG_WARN_CONSTANT_CONVERSION = YES;
				CLANG_WARN_DEPRECATED_OBJC_IMPLEMENTATIONS = YES;
				CLANG_WARN_DIRECT_OBJC_ISA_USAGE = YES_ERROR;
				CLANG_WARN_DOCUMENTATION_COMMENTS = YES;
				CLANG_WARN_EMPTY_BODY = YES;
				CLANG_WARN_ENUM_CONVERSION = YES;
				CLANG_WARN_INFINITE_RECURSION = YES;
				CLANG_WARN_INT_CONVERSION = YES;
				CLANG_WARN_NON_LITERAL_NULL_CONVERSION = YES;
				CLANG_WARN_OBJC_IMPLICIT_RETAIN_SELF = YES;
				CLANG_WARN_OBJC_LITERAL_CONVERSION = YES;
				CLANG_WARN_OBJC_ROOT_CLASS = YES_ERROR;
				CLANG_WARN_QUOTED_INCLUDE_IN_FRAMEWORK_HEADER = YES;
				CLANG_WARN_RANGE_LOOP_ANALYSIS = YES;
				CLANG_WARN_STRICT_PROTOTYPES = YES;
				CLANG_WARN_SUSPICIOUS_MOVE = YES;
				CLANG_WARN_UNGUARDED_AVAILABILITY = YES_AGGRESSIVE;
				CLANG_WARN_UNREACHABLE_CODE = YES;
				CLANG_WARN__DUPLICATE_METHOD_MATCH = YES;
				COPY_PHASE_STRIP = NO;
				DEBUG_INFORMATION_FORMAT = "dwarf-with-dsym";
				ENABLE_NS_ASSERTIONS = NO;
				ENABLE_STRICT_OBJC_MSGSEND = YES;
				GCC_C_LANGUAGE_STANDARD = gnu11;
				GCC_NO_COMMON_BLOCKS = YES;
				GCC_WARN_64_TO_32_BIT_CONVERSION = YES;
				GCC_WARN_ABOUT_RETURN_TYPE = YES_ERROR;
				GCC_WARN_UNDECLARED_SELECTOR = YES;
				GCC_WARN_UNINITIALIZED_AUTOS = YES_AGGRESSIVE;
				GCC_WARN_UNUSED_FUNCTION = YES;
				GCC_WARN_UNUSED_VARIABLE = YES;
				IPHONEOS_DEPLOYMENT_TARGET = 14.5;
				MTL_ENABLE_DEBUG_INFO = NO;
				MTL_FAST_MATH = YES;
				SDKROOT = iphoneos;
				SWIFT_COMPILATION_MODE = wholemodule;
				SWIFT_OPTIMIZATION_LEVEL = "-O";
				VALIDATE_PRODUCT = YES;
			};
			name = Release;
		};
		FDB508E2265C8C4100704C3E /* Debug */ = {
			isa = XCBuildConfiguration;
			buildSettings = {
				ASSETCATALOG_COMPILER_APPICON_NAME = AppIcon;
				ASSETCATALOG_COMPILER_GLOBAL_ACCENT_COLOR_NAME = AccentColor;
				CODE_SIGN_STYLE = Automatic;
				DEVELOPMENT_ASSET_PATHS = "\"DaysBetween/Preview Content\"";
				DEVELOPMENT_TEAM = 772G68LLWQ;
				ENABLE_PREVIEWS = YES;
				INFOPLIST_FILE = DaysBetween/Info.plist;
				IPHONEOS_DEPLOYMENT_TARGET = 14.0;
				LD_RUNPATH_SEARCH_PATHS = (
					"$(inherited)",
					"@executable_path/Frameworks",
				);
				PRODUCT_BUNDLE_IDENTIFIER = com.ronniejoubert.DaysBetween;
				PRODUCT_NAME = "$(TARGET_NAME)";
				SWIFT_VERSION = 5.0;
				TARGETED_DEVICE_FAMILY = "1,2";
			};
			name = Debug;
		};
		FDB508E3265C8C4100704C3E /* Release */ = {
			isa = XCBuildConfiguration;
			buildSettings = {
				ASSETCATALOG_COMPILER_APPICON_NAME = AppIcon;
				ASSETCATALOG_COMPILER_GLOBAL_ACCENT_COLOR_NAME = AccentColor;
				CODE_SIGN_STYLE = Automatic;
				DEVELOPMENT_ASSET_PATHS = "\"DaysBetween/Preview Content\"";
				DEVELOPMENT_TEAM = 772G68LLWQ;
				ENABLE_PREVIEWS = YES;
				INFOPLIST_FILE = DaysBetween/Info.plist;
				IPHONEOS_DEPLOYMENT_TARGET = 14.0;
				LD_RUNPATH_SEARCH_PATHS = (
					"$(inherited)",
					"@executable_path/Frameworks",
				);
				PRODUCT_BUNDLE_IDENTIFIER = com.ronniejoubert.DaysBetween;
				PRODUCT_NAME = "$(TARGET_NAME)";
				SWIFT_VERSION = 5.0;
				TARGETED_DEVICE_FAMILY = "1,2";
			};
			name = Release;
		};
		FDB508E5265C8C4100704C3E /* Debug */ = {
			isa = XCBuildConfiguration;
			buildSettings = {
				ALWAYS_EMBED_SWIFT_STANDARD_LIBRARIES = YES;
				BUNDLE_LOADER = "$(TEST_HOST)";
				CODE_SIGN_STYLE = Automatic;
				DEVELOPMENT_TEAM = 772G68LLWQ;
				INFOPLIST_FILE = DaysBetweenTests/Info.plist;
				IPHONEOS_DEPLOYMENT_TARGET = 14.0;
				LD_RUNPATH_SEARCH_PATHS = (
					"$(inherited)",
					"@executable_path/Frameworks",
					"@loader_path/Frameworks",
				);
				PRODUCT_BUNDLE_IDENTIFIER = com.ronniejoubert.DaysBetweenTests;
				PRODUCT_NAME = "$(TARGET_NAME)";
				SWIFT_VERSION = 5.0;
				TARGETED_DEVICE_FAMILY = "1,2";
				TEST_HOST = "$(BUILT_PRODUCTS_DIR)/DaysBetween.app/DaysBetween";
			};
			name = Debug;
		};
		FDB508E6265C8C4100704C3E /* Release */ = {
			isa = XCBuildConfiguration;
			buildSettings = {
				ALWAYS_EMBED_SWIFT_STANDARD_LIBRARIES = YES;
				BUNDLE_LOADER = "$(TEST_HOST)";
				CODE_SIGN_STYLE = Automatic;
				DEVELOPMENT_TEAM = 772G68LLWQ;
				INFOPLIST_FILE = DaysBetweenTests/Info.plist;
				IPHONEOS_DEPLOYMENT_TARGET = 14.0;
				LD_RUNPATH_SEARCH_PATHS = (
					"$(inherited)",
					"@executable_path/Frameworks",
					"@loader_path/Frameworks",
				);
				PRODUCT_BUNDLE_IDENTIFIER = com.ronniejoubert.DaysBetweenTests;
				PRODUCT_NAME = "$(TARGET_NAME)";
				SWIFT_VERSION = 5.0;
				TARGETED_DEVICE_FAMILY = "1,2";
				TEST_HOST = "$(BUILT_PRODUCTS_DIR)/DaysBetween.app/DaysBetween";
			};
			name = Release;
		};
		FDB508E8265C8C4100704C3E /* Debug */ = {
			isa = XCBuildConfiguration;
			buildSettings = {
				ALWAYS_EMBED_SWIFT_STANDARD_LIBRARIES = YES;
				CODE_SIGN_STYLE = Automatic;
				DEVELOPMENT_TEAM = 772G68LLWQ;
				INFOPLIST_FILE = DaysBetweenUITests/Info.plist;
				LD_RUNPATH_SEARCH_PATHS = (
					"$(inherited)",
					"@executable_path/Frameworks",
					"@loader_path/Frameworks",
				);
				PRODUCT_BUNDLE_IDENTIFIER = com.ronniejoubert.DaysBetweenUITests;
				PRODUCT_NAME = "$(TARGET_NAME)";
				SWIFT_VERSION = 5.0;
				TARGETED_DEVICE_FAMILY = "1,2";
				TEST_TARGET_NAME = DaysBetween;
			};
			name = Debug;
		};
		FDB508E9265C8C4100704C3E /* Release */ = {
			isa = XCBuildConfiguration;
			buildSettings = {
				ALWAYS_EMBED_SWIFT_STANDARD_LIBRARIES = YES;
				CODE_SIGN_STYLE = Automatic;
				DEVELOPMENT_TEAM = 772G68LLWQ;
				INFOPLIST_FILE = DaysBetweenUITests/Info.plist;
				LD_RUNPATH_SEARCH_PATHS = (
					"$(inherited)",
					"@executable_path/Frameworks",
					"@loader_path/Frameworks",
				);
				PRODUCT_BUNDLE_IDENTIFIER = com.ronniejoubert.DaysBetweenUITests;
				PRODUCT_NAME = "$(TARGET_NAME)";
				SWIFT_VERSION = 5.0;
				TARGETED_DEVICE_FAMILY = "1,2";
				TEST_TARGET_NAME = DaysBetween;
			};
			name = Release;
		};
/* End XCBuildConfiguration section */

/* Begin XCConfigurationList section */
		FDB508B7265C8C4000704C3E /* Build configuration list for PBXProject "DaysBetween" */ = {
			isa = XCConfigurationList;
			buildConfigurations = (
				FDB508DF265C8C4100704C3E /* Debug */,
				FDB508E0265C8C4100704C3E /* Release */,
			);
			defaultConfigurationIsVisible = 0;
			defaultConfigurationName = Release;
		};
		FDB508E1265C8C4100704C3E /* Build configuration list for PBXNativeTarget "DaysBetween" */ = {
			isa = XCConfigurationList;
			buildConfigurations = (
				FDB508E2265C8C4100704C3E /* Debug */,
				FDB508E3265C8C4100704C3E /* Release */,
			);
			defaultConfigurationIsVisible = 0;
			defaultConfigurationName = Release;
		};
		FDB508E4265C8C4100704C3E /* Build configuration list for PBXNativeTarget "DaysBetweenTests" */ = {
			isa = XCConfigurationList;
			buildConfigurations = (
				FDB508E5265C8C4100704C3E /* Debug */,
				FDB508E6265C8C4100704C3E /* Release */,
			);
			defaultConfigurationIsVisible = 0;
			defaultConfigurationName = Release;
		};
		FDB508E7265C8C4100704C3E /* Build configuration list for PBXNativeTarget "DaysBetweenUITests" */ = {
			isa = XCConfigurationList;
			buildConfigurations = (
				FDB508E8265C8C4100704C3E /* Debug */,
				FDB508E9265C8C4100704C3E /* Release */,
			);
			defaultConfigurationIsVisible = 0;
			defaultConfigurationName = Release;
		};
/* End XCConfigurationList section */
	};
	rootObject = FDB508B4265C8C4000704C3E /* Project object */;
}
